
Microsoft Visual Studio Solution File, Format Version 12.00
# Visual Studio Version 17
VisualStudioVersion = 17.0.32112.339
MinimumVisualStudioVersion = 10.0.40219.1
Project("{FAE04EC0-301F-11D3-BF4B-00C04F79EFBC}") = "SH_WindowsForms_Task5", "SH_WindowsForms_Task5\SH_WindowsForms_Task5.csproj", "{184C2024-4342-4E33-B83E-A7690937D2E7}"
EndProject
Global
	GlobalSection(SolutionConfigurationPlatforms) = preSolution
		Debug|Any CPU = Debug|Any CPU
		Release|Any CPU = Release|Any CPU
	EndGlobalSection
	GlobalSection(ProjectConfigurationPlatforms) = postSolution
		{184C2024-4342-4E33-B83E-A7690937D2E7}.Debug|Any CPU.ActiveCfg = Debug|Any CPU
		{184C2024-4342-4E33-B83E-A7690937D2E7}.Debug|Any CPU.Build.0 = Debug|Any CPU
		{184C2024-4342-4E33-B83E-A7690937D2E7}.Release|Any CPU.ActiveCfg = Release|Any CPU
		{184C2024-4342-4E33-B83E-A7690937D2E7}.Release|Any CPU.Build.0 = Release|Any CPU
	EndGlobalSection
	GlobalSection(SolutionProperties) = preSolution
		HideSolutionNode = FALSE
	EndGlobalSection
	GlobalSection(ExtensibilityGlobals) = postSolution
		SolutionGuid = {4CEFAA2F-213D-400F-9A39-E54A8952C010}
	EndGlobalSection
EndGlobal
